
Microsoft Visual Studio Solution File, Format Version 12.00
# Visual Studio Version 17
VisualStudioVersion = 17.0.32126.317
MinimumVisualStudioVersion = 10.0.40219.1
Project("{9A19103F-16F7-4668-BE54-9A1E7A4F7556}") = "SGXDataBuilder", "SGXDBuilder\SGXDataBuilder.csproj", "{EF0BA6BD-076F-42BD-A0D9-FCFBA344DA6F}"
EndProject
Project("{FAE04EC0-301F-11D3-BF4B-00C04F79EFBC}") = "SGXDataBuilderGui", "SGXDataBuilderGui\SGXDataBuilderGui.csproj", "{1B5EDD05-1DCE-4B0C-AF34-5968994674CB}"
EndProject
Global
	GlobalSection(SolutionConfigurationPlatforms) = preSolution
		Debug|Any CPU = Debug|Any CPU
		Release|Any CPU = Release|Any CPU
	EndGlobalSection
	GlobalSection(ProjectConfigurationPlatforms) = postSolution
		{EF0BA6BD-076F-42BD-A0D9-FCFBA344DA6F}.Debug|Any CPU.ActiveCfg = Debug|Any CPU
		{EF0BA6BD-076F-42BD-A0D9-FCFBA344DA6F}.Debug|Any CPU.Build.0 = Debug|Any CPU
		{EF0BA6BD-076F-42BD-A0D9-FCFBA344DA6F}.Release|Any CPU.ActiveCfg = Release|Any CPU
		{EF0BA6BD-076F-42BD-A0D9-FCFBA344DA6F}.Release|Any CPU.Build.0 = Release|Any CPU
		{1B5EDD05-1DCE-4B0C-AF34-5968994674CB}.Debug|Any CPU.ActiveCfg = Debug|Any CPU
		{1B5EDD05-1DCE-4B0C-AF34-5968994674CB}.Debug|Any CPU.Build.0 = Debug|Any CPU
		{1B5EDD05-1DCE-4B0C-AF34-5968994674CB}.Release|Any CPU.ActiveCfg = Release|Any CPU
		{1B5EDD05-1DCE-4B0C-AF34-5968994674CB}.Release|Any CPU.Build.0 = Release|Any CPU
	EndGlobalSection
	GlobalSection(SolutionProperties) = preSolution
		HideSolutionNode = FALSE
	EndGlobalSection
	GlobalSection(ExtensibilityGlobals) = postSolution
		SolutionGuid = {3EBA9054-01A8-43FF-91CF-D39AF4917C09}
	EndGlobalSection
EndGlobal
